// !$*UTF8*$!
{
	archiveVersion = 1;
	classes = {
	};
	objectVersion = 77;
	objects = {

/* Begin PBXBuildFile section */
		014522140E204D66721605DF /* APIEndpoints.swift in Sources */ = {isa = PBXBuildFile; fileRef = 2B8F6E2116DF63BD96F11837 /* APIEndpoints.swift */; };
		0728E3A8FE988549C1D3335C /* CalendarEventDetailView.swift in Sources */ = {isa = PBXBuildFile; fileRef = 85C7FD7068C6B1C05BEF3FE4 /* CalendarEventDetailView.swift */; };
		0A18EB080D8FF6EC61EFE429 /* CreateExpenseView.swift in Sources */ = {isa = PBXBuildFile; fileRef = E763842156D12509411C3FBA /* CreateExpenseView.swift */; };
		184E831678638B33AE614492 /* DocumentsView.swift in Sources */ = {isa = PBXBuildFile; fileRef = 47282ADFFBEC6F63B953161A /* DocumentsView.swift */; };
		19EB0789D763DF099DD98AA1 /* Colors.swift in Sources */ = {isa = PBXBuildFile; fileRef = DAD724582A37FFDAACD68925 /* Colors.swift */; };
		1CFFDB01DAA332DCA3325520 /* CreateEventView.swift in Sources */ = {isa = PBXBuildFile; fileRef = F9DF74F3C594DEBDED79D002 /* CreateEventView.swift */; };
		1D178D817869F00F7BFE9B9C /* UploadDocumentView.swift in Sources */ = {isa = PBXBuildFile; fileRef = 9134D5482A72007962CA583E /* UploadDocumentView.swift */; };
		25D5A0D674009EEB3A9308C2 /* ExpenseDetailView.swift in Sources */ = {isa = PBXBuildFile; fileRef = DD65C171939F92CC429B6051 /* ExpenseDetailView.swift */; };
		3856AED4E21220AA04E8C0C0 /* MessagesView.swift in Sources */ = {isa = PBXBuildFile; fileRef = 3DDE4E82FBFE5D792B9435DC /* MessagesView.swift */; };
		3FFF41EB498A2C2EBDEA44B0 /* CPUser.swift in Sources */ = {isa = PBXBuildFile; fileRef = 328FC66E7172CFFE2F7D1C81 /* CPUser.swift */; };
		5AEBB0BBB1863B5A8D876796 /* Message.swift in Sources */ = {isa = PBXBuildFile; fileRef = A3582BB12CAC7D17F1979B0E /* Message.swift */; };
		5BA7FC777C1D05ECCE14BE96 /* AppConstants.swift in Sources */ = {isa = PBXBuildFile; fileRef = CA5C43D63A51FB2A5FA9B50E /* AppConstants.swift */; };
		5F354BFA623E3A297744EBC7 /* AuthDTO.swift in Sources */ = {isa = PBXBuildFile; fileRef = BD3F754876530E47B06CB1B9 /* AuthDTO.swift */; };
		62D590A1ECF9A29074C15A0E /* MessagesViewModel.swift in Sources */ = {isa = PBXBuildFile; fileRef = 9D1AAF44685EE363C0482BA4 /* MessagesViewModel.swift */; };
		6580C9199356F26654C84713 /* CoParentConnectApp.swift in Sources */ = {isa = PBXBuildFile; fileRef = E7E8A2EE6F28C0597FD5783E /* CoParentConnectApp.swift */; };
		659C7AE0BABA131E82CED675 /* NetworkMonitor.swift in Sources */ = {isa = PBXBuildFile; fileRef = D9BA848DF8159ECE8C1D69AD /* NetworkMonitor.swift */; };
		6AE20B8E619986E08708297C /* Expense.swift in Sources */ = {isa = PBXBuildFile; fileRef = F0D5128044340E339E848A3E /* Expense.swift */; };
		700846824DD8A417ECFFA79F /* CalendarView.swift in Sources */ = {isa = PBXBuildFile; fileRef = F42B654285923DBE85904B4E /* CalendarView.swift */; };
		72E9F4D475D0F9D5248B659D /* ExpensesViewModel.swift in Sources */ = {isa = PBXBuildFile; fileRef = 827BEF35E98E763923CF6F65 /* ExpensesViewModel.swift */; };
		7C17B1EF59C39CD33BB5810F /* ci_post_clone.sh in Resources */ = {isa = PBXBuildFile; fileRef = 9A7317D915C332E3CD1A7782 /* ci_post_clone.sh */; };
		7CD470F57C824D480FA63EA3 /* ExpensesView.swift in Sources */ = {isa = PBXBuildFile; fileRef = 07A60DA20AC28EDA489DD02A /* ExpensesView.swift */; };
		8DF0C1498E3D0BBBC8B3BF9A /* KeychainService.swift in Sources */ = {isa = PBXBuildFile; fileRef = F45C15F67A1C6E3107A824FF /* KeychainService.swift */; };
		97D86FFD045E3CBE0FA5E086 /* MainTabView.swift in Sources */ = {isa = PBXBuildFile; fileRef = 00ABE4C26C6195A822EECA84 /* MainTabView.swift */; };
		9979BD744E8D99C7B9E8F5D0 /* AppDelegate.swift in Sources */ = {isa = PBXBuildFile; fileRef = D1FAD9F8AB29C6657485296E /* AppDelegate.swift */; };
		ABA47584546A8701DCF45C64 /* LoginView.swift in Sources */ = {isa = PBXBuildFile; fileRef = 3789B1CBB124D5794968CAD2 /* LoginView.swift */; };
		BAFA44A335B1C986558B4FC0 /* APIClient.swift in Sources */ = {isa = PBXBuildFile; fileRef = 744628526194C28DC17CF272 /* APIClient.swift */; };
		C5ED156C7F514F2B262E2148 /* RegisterView.swift in Sources */ = {isa = PBXBuildFile; fileRef = 6BE4B6DB88E785A35580EDDF /* RegisterView.swift */; };
		C8BECA982286C43E71E4E7C1 /* DocumentsViewModel.swift in Sources */ = {isa = PBXBuildFile; fileRef = 1F5CD6FFB37D3CC9436770B1 /* DocumentsViewModel.swift */; };
		C904CE8AEFC72F61754CDD4B /* Document.swift in Sources */ = {isa = PBXBuildFile; fileRef = 934743560324031CDC0E9CD2 /* Document.swift */; };
		D3676E5C4CE4401EF19FDE77 /* ContentView.swift in Sources */ = {isa = PBXBuildFile; fileRef = EB8F23E59540C7C5ABBD0C25 /* ContentView.swift */; };
		D5F90517E966967B39BC1830 /* CalendarViewModel.swift in Sources */ = {isa = PBXBuildFile; fileRef = D28AC2088BEC22C0EC3F229D /* CalendarViewModel.swift */; };
		D733B2919B2A26FE91C791B6 /* Assets.xcassets in Resources */ = {isa = PBXBuildFile; fileRef = 91222748A2B61D61F4C591BE /* Assets.xcassets */; };
		D82547E2A9A6E65122004A44 /* AuthService.swift in Sources */ = {isa = PBXBuildFile; fileRef = 3B1DFD6724274694E3CAB2A4 /* AuthService.swift */; };
		E368874B73D45F2A63F4EF95 /* Event.swift in Sources */ = {isa = PBXBuildFile; fileRef = 45F9767F5C7D524F02B4E554 /* Event.swift */; };
/* End PBXBuildFile section */

/* Begin PBXFileReference section */
		00ABE4C26C6195A822EECA84 /* MainTabView.swift */ = {isa = PBXFileReference; lastKnownFileType = sourcecode.swift; path = MainTabView.swift; sourceTree = "<group>"; };
		07A60DA20AC28EDA489DD02A /* ExpensesView.swift */ = {isa = PBXFileReference; lastKnownFileType = sourcecode.swift; path = ExpensesView.swift; sourceTree = "<group>"; };
		1F5CD6FFB37D3CC9436770B1 /* DocumentsViewModel.swift */ = {isa = PBXFileReference; lastKnownFileType = sourcecode.swift; path = DocumentsViewModel.swift; sourceTree = "<group>"; };
		2B8F6E2116DF63BD96F11837 /* APIEndpoints.swift */ = {isa = PBXFileReference; lastKnownFileType = sourcecode.swift; path = APIEndpoints.swift; sourceTree = "<group>"; };
		328FC66E7172CFFE2F7D1C81 /* CPUser.swift */ = {isa = PBXFileReference; lastKnownFileType = sourcecode.swift; path = CPUser.swift; sourceTree = "<group>"; };
		3789B1CBB124D5794968CAD2 /* LoginView.swift */ = {isa = PBXFileReference; lastKnownFileType = sourcecode.swift; path = LoginView.swift; sourceTree = "<group>"; };
		3B1DFD6724274694E3CAB2A4 /* AuthService.swift */ = {isa = PBXFileReference; lastKnownFileType = sourcecode.swift; path = AuthService.swift; sourceTree = "<group>"; };
		3DDE4E82FBFE5D792B9435DC /* MessagesView.swift */ = {isa = PBXFileReference; lastKnownFileType = sourcecode.swift; path = MessagesView.swift; sourceTree = "<group>"; };
		45F9767F5C7D524F02B4E554 /* Event.swift */ = {isa = PBXFileReference; lastKnownFileType = sourcecode.swift; path = Event.swift; sourceTree = "<group>"; };
		47282ADFFBEC6F63B953161A /* DocumentsView.swift */ = {isa = PBXFileReference; lastKnownFileType = sourcecode.swift; path = DocumentsView.swift; sourceTree = "<group>"; };
		48AE50BB90BB865AFB164D76 /* CoParentConnect.app */ = {isa = PBXFileReference; includeInIndex = 0; lastKnownFileType = wrapper.application; path = CoParentConnect.app; sourceTree = BUILT_PRODUCTS_DIR; };
		6BE4B6DB88E785A35580EDDF /* RegisterView.swift */ = {isa = PBXFileReference; lastKnownFileType = sourcecode.swift; path = RegisterView.swift; sourceTree = "<group>"; };
		744628526194C28DC17CF272 /* APIClient.swift */ = {isa = PBXFileReference; lastKnownFileType = sourcecode.swift; path = APIClient.swift; sourceTree = "<group>"; };
		827BEF35E98E763923CF6F65 /* ExpensesViewModel.swift */ = {isa = PBXFileReference; lastKnownFileType = sourcecode.swift; path = ExpensesViewModel.swift; sourceTree = "<group>"; };
		85C7FD7068C6B1C05BEF3FE4 /* CalendarEventDetailView.swift */ = {isa = PBXFileReference; lastKnownFileType = sourcecode.swift; path = CalendarEventDetailView.swift; sourceTree = "<group>"; };
		91222748A2B61D61F4C591BE /* Assets.xcassets */ = {isa = PBXFileReference; lastKnownFileType = folder.assetcatalog; path = Assets.xcassets; sourceTree = "<group>"; };
		9134D5482A72007962CA583E /* UploadDocumentView.swift */ = {isa = PBXFileReference; lastKnownFileType = sourcecode.swift; path = UploadDocumentView.swift; sourceTree = "<group>"; };
		934743560324031CDC0E9CD2 /* Document.swift */ = {isa = PBXFileReference; lastKnownFileType = sourcecode.swift; path = Document.swift; sourceTree = "<group>"; };
		9A7317D915C332E3CD1A7782 /* ci_post_clone.sh */ = {isa = PBXFileReference; lastKnownFileType = text.script.sh; path = ci_post_clone.sh; sourceTree = "<group>"; };
		9D1AAF44685EE363C0482BA4 /* MessagesViewModel.swift */ = {isa = PBXFileReference; lastKnownFileType = sourcecode.swift; path = MessagesViewModel.swift; sourceTree = "<group>"; };
		A3582BB12CAC7D17F1979B0E /* Message.swift */ = {isa = PBXFileReference; lastKnownFileType = sourcecode.swift; path = Message.swift; sourceTree = "<group>"; };
		A5443CF1544081E7C2011A3D /* CoParentConnect.entitlements */ = {isa = PBXFileReference; lastKnownFileType = text.plist.entitlements; path = CoParentConnect.entitlements; sourceTree = "<group>"; };
		BD3F754876530E47B06CB1B9 /* AuthDTO.swift */ = {isa = PBXFileReference; lastKnownFileType = sourcecode.swift; path = AuthDTO.swift; sourceTree = "<group>"; };
		CA5C43D63A51FB2A5FA9B50E /* AppConstants.swift */ = {isa = PBXFileReference; lastKnownFileType = sourcecode.swift; path = AppConstants.swift; sourceTree = "<group>"; };
		CC6C274B48479A31EE95C46D /* Info.plist */ = {isa = PBXFileReference; lastKnownFileType = text.plist; path = Info.plist; sourceTree = "<group>"; };
		D1FAD9F8AB29C6657485296E /* AppDelegate.swift */ = {isa = PBXFileReference; lastKnownFileType = sourcecode.swift; path = AppDelegate.swift; sourceTree = "<group>"; };
		D28AC2088BEC22C0EC3F229D /* CalendarViewModel.swift */ = {isa = PBXFileReference; lastKnownFileType = sourcecode.swift; path = CalendarViewModel.swift; sourceTree = "<group>"; };
		D9BA848DF8159ECE8C1D69AD /* NetworkMonitor.swift */ = {isa = PBXFileReference; lastKnownFileType = sourcecode.swift; path = NetworkMonitor.swift; sourceTree = "<group>"; };
		DAD724582A37FFDAACD68925 /* Colors.swift */ = {isa = PBXFileReference; lastKnownFileType = sourcecode.swift; path = Colors.swift; sourceTree = "<group>"; };
		DD65C171939F92CC429B6051 /* ExpenseDetailView.swift */ = {isa = PBXFileReference; lastKnownFileType = sourcecode.swift; path = ExpenseDetailView.swift; sourceTree = "<group>"; };
		E763842156D12509411C3FBA /* CreateExpenseView.swift */ = {isa = PBXFileReference; lastKnownFileType = sourcecode.swift; path = CreateExpenseView.swift; sourceTree = "<group>"; };
		E7E8A2EE6F28C0597FD5783E /* CoParentConnectApp.swift */ = {isa = PBXFileReference; lastKnownFileType = sourcecode.swift; path = CoParentConnectApp.swift; sourceTree = "<group>"; };
		EB8F23E59540C7C5ABBD0C25 /* ContentView.swift */ = {isa = PBXFileReference; lastKnownFileType = sourcecode.swift; path = ContentView.swift; sourceTree = "<group>"; };
		F0D5128044340E339E848A3E /* Expense.swift */ = {isa = PBXFileReference; lastKnownFileType = sourcecode.swift; path = Expense.swift; sourceTree = "<group>"; };
		F42B654285923DBE85904B4E /* CalendarView.swift */ = {isa = PBXFileReference; lastKnownFileType = sourcecode.swift; path = CalendarView.swift; sourceTree = "<group>"; };
		F45C15F67A1C6E3107A824FF /* KeychainService.swift */ = {isa = PBXFileReference; lastKnownFileType = sourcecode.swift; path = KeychainService.swift; sourceTree = "<group>"; };
		F9DF74F3C594DEBDED79D002 /* CreateEventView.swift */ = {isa = PBXFileReference; lastKnownFileType = sourcecode.swift; path = CreateEventView.swift; sourceTree = "<group>"; };
/* End PBXFileReference section */

/* Begin PBXGroup section */
		02C01EA0EF16A38C634E00FA /* Extensions */ = {
			isa = PBXGroup;
			children = (
			);
			path = Extensions;
			sourceTree = "<group>";
		};
		0ADB952AEA3138B72DC3AB88 /* Onboarding */ = {
			isa = PBXGroup;
			children = (
			);
			path = Onboarding;
			sourceTree = "<group>";
		};
		29113F58EC75B067076AA2F4 /* APIModels */ = {
			isa = PBXGroup;
			children = (
				BD3F754876530E47B06CB1B9 /* AuthDTO.swift */,
			);
			path = APIModels;
			sourceTree = "<group>";
		};
		35D748BDEB83F080C387BECB /* Products */ = {
			isa = PBXGroup;
			children = (
				48AE50BB90BB865AFB164D76 /* CoParentConnect.app */,
			);
			name = Products;
			sourceTree = "<group>";
		};
		3625F691B13F3C630A0EFD79 /* Tabs */ = {
			isa = PBXGroup;
			children = (
				00ABE4C26C6195A822EECA84 /* MainTabView.swift */,
			);
			path = Tabs;
			sourceTree = "<group>";
		};
		37C511CEA03050168BF422F8 /* ci_scripts */ = {
			isa = PBXGroup;
			children = (
				9A7317D915C332E3CD1A7782 /* ci_post_clone.sh */,
			);
			path = ci_scripts;
			sourceTree = "<group>";
		};
		5DC8BF05D1B51CAEF6E019E0 /* Utilities */ = {
			isa = PBXGroup;
			children = (
				F45C15F67A1C6E3107A824FF /* KeychainService.swift */,
			);
			path = Utilities;
			sourceTree = "<group>";
		};
		62080D4B08CCE8D8F1C98909 /* Components */ = {
			isa = PBXGroup;
			children = (
			);
			path = Components;
			sourceTree = "<group>";
		};
		70F3E2AE77557FD4CBD46113 /* ViewModels */ = {
			isa = PBXGroup;
			children = (
				D28AC2088BEC22C0EC3F229D /* CalendarViewModel.swift */,
				1F5CD6FFB37D3CC9436770B1 /* DocumentsViewModel.swift */,
				827BEF35E98E763923CF6F65 /* ExpensesViewModel.swift */,
				9D1AAF44685EE363C0482BA4 /* MessagesViewModel.swift */,
			);
			path = ViewModels;
			sourceTree = "<group>";
		};
		7D33F6A4FCDC82673FE487A8 /* Core */ = {
			isa = PBXGroup;
			children = (
				02C01EA0EF16A38C634E00FA /* Extensions */,
				B08A1C8194B16C6135504711 /* Theme */,
				5DC8BF05D1B51CAEF6E019E0 /* Utilities */,
			);
			path = Core;
			sourceTree = "<group>";
		};
		8DC4A424AC291BBCFF262C30 /* Networking */ = {
			isa = PBXGroup;
			children = (
				744628526194C28DC17CF272 /* APIClient.swift */,
				2B8F6E2116DF63BD96F11837 /* APIEndpoints.swift */,
				D9BA848DF8159ECE8C1D69AD /* NetworkMonitor.swift */,
				29113F58EC75B067076AA2F4 /* APIModels */,
			);
			path = Networking;
			sourceTree = "<group>";
		};
		9639F8AF401EB4BB6F1F3C6C /* Auth */ = {
			isa = PBXGroup;
			children = (
				3789B1CBB124D5794968CAD2 /* LoginView.swift */,
				6BE4B6DB88E785A35580EDDF /* RegisterView.swift */,
			);
			path = Auth;
			sourceTree = "<group>";
		};
		96EA6E62C0128578EF2A32DD /* Models */ = {
			isa = PBXGroup;
			children = (
				328FC66E7172CFFE2F7D1C81 /* CPUser.swift */,
				934743560324031CDC0E9CD2 /* Document.swift */,
				45F9767F5C7D524F02B4E554 /* Event.swift */,
				F0D5128044340E339E848A3E /* Expense.swift */,
				A3582BB12CAC7D17F1979B0E /* Message.swift */,
			);
			path = Models;
			sourceTree = "<group>";
		};
		9A3E5C2216F761228B53BD83 /* Services */ = {
			isa = PBXGroup;
			children = (
				3B1DFD6724274694E3CAB2A4 /* AuthService.swift */,
			);
			path = Services;
			sourceTree = "<group>";
		};
		A4CA3400D18D49C0E8AC42BA = {
			isa = PBXGroup;
			children = (
				C4F883A214451E0BBE825C7A /* App */,
				37C511CEA03050168BF422F8 /* ci_scripts */,
				7D33F6A4FCDC82673FE487A8 /* Core */,
				96EA6E62C0128578EF2A32DD /* Models */,
				8DC4A424AC291BBCFF262C30 /* Networking */,
				F4368BCBA851DA3D5E1364F3 /* Resources */,
				9A3E5C2216F761228B53BD83 /* Services */,
				70F3E2AE77557FD4CBD46113 /* ViewModels */,
				BC5E0DA993F96F5DB756F436 /* Views */,
				35D748BDEB83F080C387BECB /* Products */,
			);
			sourceTree = "<group>";
		};
		B08A1C8194B16C6135504711 /* Theme */ = {
			isa = PBXGroup;
			children = (
				DAD724582A37FFDAACD68925 /* Colors.swift */,
			);
			path = Theme;
			sourceTree = "<group>";
		};
		BC5E0DA993F96F5DB756F436 /* Views */ = {
			isa = PBXGroup;
			children = (
				EB8F23E59540C7C5ABBD0C25 /* ContentView.swift */,
				9639F8AF401EB4BB6F1F3C6C /* Auth */,
				62080D4B08CCE8D8F1C98909 /* Components */,
				F3E135A516F58D2F0B7EC663 /* Features */,
				0ADB952AEA3138B72DC3AB88 /* Onboarding */,
				3625F691B13F3C630A0EFD79 /* Tabs */,
			);
			path = Views;
			sourceTree = "<group>";
		};
		C4F883A214451E0BBE825C7A /* App */ = {
			isa = PBXGroup;
			children = (
				CA5C43D63A51FB2A5FA9B50E /* AppConstants.swift */,
				D1FAD9F8AB29C6657485296E /* AppDelegate.swift */,
				E7E8A2EE6F28C0597FD5783E /* CoParentConnectApp.swift */,
			);
			path = App;
			sourceTree = "<group>";
		};
		F3E135A516F58D2F0B7EC663 /* Features */ = {
			isa = PBXGroup;
			children = (
				85C7FD7068C6B1C05BEF3FE4 /* CalendarEventDetailView.swift */,
				F42B654285923DBE85904B4E /* CalendarView.swift */,
				F9DF74F3C594DEBDED79D002 /* CreateEventView.swift */,
				E763842156D12509411C3FBA /* CreateExpenseView.swift */,
				47282ADFFBEC6F63B953161A /* DocumentsView.swift */,
				DD65C171939F92CC429B6051 /* ExpenseDetailView.swift */,
				07A60DA20AC28EDA489DD02A /* ExpensesView.swift */,
				3DDE4E82FBFE5D792B9435DC /* MessagesView.swift */,
				9134D5482A72007962CA583E /* UploadDocumentView.swift */,
			);
			path = Features;
			sourceTree = "<group>";
		};
		F4368BCBA851DA3D5E1364F3 /* Resources */ = {
			isa = PBXGroup;
			children = (
				91222748A2B61D61F4C591BE /* Assets.xcassets */,
				A5443CF1544081E7C2011A3D /* CoParentConnect.entitlements */,
				CC6C274B48479A31EE95C46D /* Info.plist */,
			);
			path = Resources;
			sourceTree = "<group>";
		};
		"TEMP_612356D6-7A69-4046-B07D-7C7F0FD9D76A" /* CoParentConnect */ = {
			isa = PBXGroup;
			children = (
				70F3E2AE77557FD4CBD46113 /* ViewModels */,
				7D33F6A4FCDC82673FE487A8 /* Core */,
				C4F883A214451E0BBE825C7A /* App */,
				8DC4A424AC291BBCFF262C30 /* Networking */,
				F4368BCBA851DA3D5E1364F3 /* Resources */,
				96EA6E62C0128578EF2A32DD /* Models */,
				37C511CEA03050168BF422F8 /* ci_scripts */,
				BC5E0DA993F96F5DB756F436 /* Views */,
				9A3E5C2216F761228B53BD83 /* Services */,
			);
			path = CoParentConnect;
			sourceTree = "<group>";
		};
/* End PBXGroup section */

/* Begin PBXNativeTarget section */
		819D57551EA31A9C8D379E73 /* CoParentConnect */ = {
			isa = PBXNativeTarget;
			buildConfigurationList = 6C5B855E0821E5F5DABBA0C6 /* Build configuration list for PBXNativeTarget "CoParentConnect" */;
			buildPhases = (
				382EFEFE0745A27CE0D3B92E /* Sources */,
				D3B366413EC2681AD083B4C4 /* Resources */,
			);
			buildRules = (
			);
			dependencies = (
			);
			name = CoParentConnect;
			packageProductDependencies = (
			);
			productName = CoParentConnect;
			productReference = 48AE50BB90BB865AFB164D76 /* CoParentConnect.app */;
			productType = "com.apple.product-type.application";
		};
/* End PBXNativeTarget section */

/* Begin PBXProject section */
		D2CA6138171315925F5E9387 /* Project object */ = {
			isa = PBXProject;
			attributes = {
				BuildIndependentTargetsInParallel = YES;
				LastUpgradeCheck = 1620;
				TargetAttributes = {
					819D57551EA31A9C8D379E73 = {
						DevelopmentTeam = SP337KYTD8;
						ProvisioningStyle = Automatic;
					};
				};
			};
			buildConfigurationList = 8F17256B670993152262BBF7 /* Build configuration list for PBXProject "CoParentConnect" */;
			compatibilityVersion = "Xcode 14.0";
			developmentRegion = en;
			hasScannedForEncodings = 0;
			knownRegions = (
				Base,
				en,
			);
			mainGroup = A4CA3400D18D49C0E8AC42BA;
			minimizedProjectReferenceProxies = 1;
			preferredProjectObjectVersion = 77;
			projectDirPath = "";
			projectRoot = "";
			targets = (
				819D57551EA31A9C8D379E73 /* CoParentConnect */,
			);
		};
/* End PBXProject section */

/* Begin PBXResourcesBuildPhase section */
		D3B366413EC2681AD083B4C4 /* Resources */ = {
			isa = PBXResourcesBuildPhase;
			buildActionMask = 2147483647;
			files = (
				D733B2919B2A26FE91C791B6 /* Assets.xcassets in Resources */,
				7C17B1EF59C39CD33BB5810F /* ci_post_clone.sh in Resources */,
			);
			runOnlyForDeploymentPostprocessing = 0;
		};
/* End PBXResourcesBuildPhase section */

/* Begin PBXSourcesBuildPhase section */
		382EFEFE0745A27CE0D3B92E /* Sources */ = {
			isa = PBXSourcesBuildPhase;
			buildActionMask = 2147483647;
			files = (
				BAFA44A335B1C986558B4FC0 /* APIClient.swift in Sources */,
				014522140E204D66721605DF /* APIEndpoints.swift in Sources */,
				5BA7FC777C1D05ECCE14BE96 /* AppConstants.swift in Sources */,
				9979BD744E8D99C7B9E8F5D0 /* AppDelegate.swift in Sources */,
				5F354BFA623E3A297744EBC7 /* AuthDTO.swift in Sources */,
				D82547E2A9A6E65122004A44 /* AuthService.swift in Sources */,
				3FFF41EB498A2C2EBDEA44B0 /* CPUser.swift in Sources */,
				0728E3A8FE988549C1D3335C /* CalendarEventDetailView.swift in Sources */,
				700846824DD8A417ECFFA79F /* CalendarView.swift in Sources */,
				D5F90517E966967B39BC1830 /* CalendarViewModel.swift in Sources */,
				6580C9199356F26654C84713 /* CoParentConnectApp.swift in Sources */,
				19EB0789D763DF099DD98AA1 /* Colors.swift in Sources */,
				D3676E5C4CE4401EF19FDE77 /* ContentView.swift in Sources */,
				1CFFDB01DAA332DCA3325520 /* CreateEventView.swift in Sources */,
				0A18EB080D8FF6EC61EFE429 /* CreateExpenseView.swift in Sources */,
				C904CE8AEFC72F61754CDD4B /* Document.swift in Sources */,
				184E831678638B33AE614492 /* DocumentsView.swift in Sources */,
				C8BECA982286C43E71E4E7C1 /* DocumentsViewModel.swift in Sources */,
				E368874B73D45F2A63F4EF95 /* Event.swift in Sources */,
				6AE20B8E619986E08708297C /* Expense.swift in Sources */,
				25D5A0D674009EEB3A9308C2 /* ExpenseDetailView.swift in Sources */,
				7CD470F57C824D480FA63EA3 /* ExpensesView.swift in Sources */,
				72E9F4D475D0F9D5248B659D /* ExpensesViewModel.swift in Sources */,
				8DF0C1498E3D0BBBC8B3BF9A /* KeychainService.swift in Sources */,
				ABA47584546A8701DCF45C64 /* LoginView.swift in Sources */,
				97D86FFD045E3CBE0FA5E086 /* MainTabView.swift in Sources */,
				5AEBB0BBB1863B5A8D876796 /* Message.swift in Sources */,
				3856AED4E21220AA04E8C0C0 /* MessagesView.swift in Sources */,
				62D590A1ECF9A29074C15A0E /* MessagesViewModel.swift in Sources */,
				659C7AE0BABA131E82CED675 /* NetworkMonitor.swift in Sources */,
				C5ED156C7F514F2B262E2148 /* RegisterView.swift in Sources */,
				1D178D817869F00F7BFE9B9C /* UploadDocumentView.swift in Sources */,
			);
			runOnlyForDeploymentPostprocessing = 0;
		};
/* End PBXSourcesBuildPhase section */

/* Begin XCBuildConfiguration section */
		638AABF6AFB40F80686AF72E /* Release */ = {
			isa = XCBuildConfiguration;
			buildSettings = {
				ALWAYS_SEARCH_USER_PATHS = NO;
				ASSETCATALOG_COMPILER_APPICON_NAME = AppIcon;
				CLANG_ANALYZER_NONNULL = YES;
				CLANG_ANALYZER_NUMBER_OBJECT_CONVERSION = YES_AGGRESSIVE;
				CLANG_CXX_LANGUAGE_STANDARD = "gnu++14";
				CLANG_CXX_LIBRARY = "libc++";
				CLANG_ENABLE_MODULES = YES;
				CLANG_ENABLE_OBJC_ARC = YES;
				CLANG_ENABLE_OBJC_WEAK = YES;
				CLANG_WARN_BLOCK_CAPTURE_AUTORELEASING = YES;
				CLANG_WARN_BOOL_CONVERSION = YES;
				CLANG_WARN_COMMA = YES;
				CLANG_WARN_CONSTANT_CONVERSION = YES;
				CLANG_WARN_DEPRECATED_OBJC_IMPLEMENTATIONS = YES;
				CLANG_WARN_DIRECT_OBJC_ISA_USAGE = YES_ERROR;
				CLANG_WARN_DOCUMENTATION_COMMENTS = YES;
				CLANG_WARN_EMPTY_BODY = YES;
				CLANG_WARN_ENUM_CONVERSION = YES;
				CLANG_WARN_INFINITE_RECURSION = YES;
				CLANG_WARN_INT_CONVERSION = YES;
				CLANG_WARN_NON_LITERAL_NULL_CONVERSION = YES;
				CLANG_WARN_OBJC_IMPLICIT_RETAIN_SELF = YES;
				CLANG_WARN_OBJC_LITERAL_CONVERSION = YES;
				CLANG_WARN_OBJC_ROOT_CLASS = YES_ERROR;
				CLANG_WARN_QUOTED_INCLUDE_IN_FRAMEWORK_HEADER = YES;
				CLANG_WARN_RANGE_LOOP_ANALYSIS = YES;
				CLANG_WARN_STRICT_PROTOTYPES = YES;
				CLANG_WARN_SUSPICIOUS_MOVE = YES;
				CLANG_WARN_UNGUARDED_AVAILABILITY = YES_AGGRESSIVE;
				CLANG_WARN_UNREACHABLE_CODE = YES;
				CLANG_WARN__DUPLICATE_METHOD_MATCH = YES;
				CODE_SIGN_ENTITLEMENTS = Resources/CoParentConnect.entitlements;
				CODE_SIGN_STYLE = Automatic;
				COPY_PHASE_STRIP = NO;
				CURRENT_PROJECT_VERSION = 1;
				DEBUG_INFORMATION_FORMAT = "dwarf-with-dsym";
				DEVELOPMENT_TEAM = SP337KYTD8;
				ENABLE_NS_ASSERTIONS = NO;
				ENABLE_STRICT_OBJC_MSGSEND = YES;
				GCC_C_LANGUAGE_STANDARD = gnu11;
				GCC_NO_COMMON_BLOCKS = YES;
				GCC_WARN_64_TO_32_BIT_CONVERSION = YES;
				GCC_WARN_ABOUT_RETURN_TYPE = YES_ERROR;
				GCC_WARN_UNDECLARED_SELECTOR = YES;
				GCC_WARN_UNINITIALIZED_AUTOS = YES_AGGRESSIVE;
				GCC_WARN_UNUSED_FUNCTION = YES;
				GCC_WARN_UNUSED_VARIABLE = YES;
				INFOPLIST_FILE = Resources/Info.plist;
				IPHONEOS_DEPLOYMENT_TARGET = 17.0;
				MARKETING_VERSION = 2.0.0;
				MTL_ENABLE_DEBUG_INFO = NO;
				MTL_FAST_MATH = YES;
				PRODUCT_NAME = "$(TARGET_NAME)";
				SDKROOT = iphoneos;
				SWIFT_COMPILATION_MODE = wholemodule;
				SWIFT_OPTIMIZATION_LEVEL = "-O";
				SWIFT_VERSION = 5.9;
				TARGETED_DEVICE_FAMILY = 1;
			};
			name = Release;
		};
		8E56C45741989B1E40B17EB0 /* Debug */ = {
			isa = XCBuildConfiguration;
			buildSettings = {
				ALWAYS_SEARCH_USER_PATHS = NO;
				ASSETCATALOG_COMPILER_APPICON_NAME = AppIcon;
				CLANG_ANALYZER_NONNULL = YES;
				CLANG_ANALYZER_NUMBER_OBJECT_CONVERSION = YES_AGGRESSIVE;
				CLANG_CXX_LANGUAGE_STANDARD = "gnu++14";
				CLANG_CXX_LIBRARY = "libc++";
				CLANG_ENABLE_MODULES = YES;
				CLANG_ENABLE_OBJC_ARC = YES;
				CLANG_ENABLE_OBJC_WEAK = YES;
				CLANG_WARN_BLOCK_CAPTURE_AUTORELEASING = YES;
				CLANG_WARN_BOOL_CONVERSION = YES;
				CLANG_WARN_COMMA = YES;
				CLANG_WARN_CONSTANT_CONVERSION = YES;
				CLANG_WARN_DEPRECATED_OBJC_IMPLEMENTATIONS = YES;
				CLANG_WARN_DIRECT_OBJC_ISA_USAGE = YES_ERROR;
				CLANG_WARN_DOCUMENTATION_COMMENTS = YES;
				CLANG_WARN_EMPTY_BODY = YES;
				CLANG_WARN_ENUM_CONVERSION = YES;
				CLANG_WARN_INFINITE_RECURSION = YES;
				CLANG_WARN_INT_CONVERSION = YES;
				CLANG_WARN_NON_LITERAL_NULL_CONVERSION = YES;
				CLANG_WARN_OBJC_IMPLICIT_RETAIN_SELF = YES;
				CLANG_WARN_OBJC_LITERAL_CONVERSION = YES;
				CLANG_WARN_OBJC_ROOT_CLASS = YES_ERROR;
				CLANG_WARN_QUOTED_INCLUDE_IN_FRAMEWORK_HEADER = YES;
				CLANG_WARN_RANGE_LOOP_ANALYSIS = YES;
				CLANG_WARN_STRICT_PROTOTYPES = YES;
				CLANG_WARN_SUSPICIOUS_MOVE = YES;
				CLANG_WARN_UNGUARDED_AVAILABILITY = YES_AGGRESSIVE;
				CLANG_WARN_UNREACHABLE_CODE = YES;
				CLANG_WARN__DUPLICATE_METHOD_MATCH = YES;
				CODE_SIGN_ENTITLEMENTS = Resources/CoParentConnect.entitlements;
				CODE_SIGN_STYLE = Automatic;
				COPY_PHASE_STRIP = NO;
				CURRENT_PROJECT_VERSION = 1;
				DEBUG_INFORMATION_FORMAT = dwarf;
				DEVELOPMENT_TEAM = SP337KYTD8;
				ENABLE_STRICT_OBJC_MSGSEND = YES;
				ENABLE_TESTABILITY = YES;
				GCC_C_LANGUAGE_STANDARD = gnu11;
				GCC_DYNAMIC_NO_PIC = NO;
				GCC_NO_COMMON_BLOCKS = YES;
				GCC_OPTIMIZATION_LEVEL = 0;
				GCC_PREPROCESSOR_DEFINITIONS = (
					"$(inherited)",
					"DEBUG=1",
				);
				GCC_WARN_64_TO_32_BIT_CONVERSION = YES;
				GCC_WARN_ABOUT_RETURN_TYPE = YES_ERROR;
				GCC_WARN_UNDECLARED_SELECTOR = YES;
				GCC_WARN_UNINITIALIZED_AUTOS = YES_AGGRESSIVE;
				GCC_WARN_UNUSED_FUNCTION = YES;
				GCC_WARN_UNUSED_VARIABLE = YES;
				INFOPLIST_FILE = Resources/Info.plist;
				IPHONEOS_DEPLOYMENT_TARGET = 17.0;
				MARKETING_VERSION = 2.0.0;
				MTL_ENABLE_DEBUG_INFO = INCLUDE_SOURCE;
				MTL_FAST_MATH = YES;
				ONLY_ACTIVE_ARCH = YES;
				PRODUCT_NAME = "$(TARGET_NAME)";
				SDKROOT = iphoneos;
				SWIFT_ACTIVE_COMPILATION_CONDITIONS = DEBUG;
				SWIFT_OPTIMIZATION_LEVEL = "-Onone";
				SWIFT_VERSION = 5.9;
				TARGETED_DEVICE_FAMILY = 1;
			};
			name = Debug;
		};
		B7435DDCA5AC9D6CD9E2943D /* Debug */ = {
			isa = XCBuildConfiguration;
			buildSettings = {
				ASSETCATALOG_COMPILER_APPICON_NAME = AppIcon;
				CODE_SIGN_IDENTITY = "iPhone Developer";
				INFOPLIST_FILE = Resources/Info.plist;
				LD_RUNPATH_SEARCH_PATHS = (
					"$(inherited)",
					"@executable_path/Frameworks",
				);
				PRODUCT_BUNDLE_IDENTIFIER = com.coparent.connect;
				SDKROOT = iphoneos;
				TARGETED_DEVICE_FAMILY = "1,2";
			};
			name = Debug;
		};
		E2AB54BE3CCD3CCEA4C3FE6A /* Release */ = {
			isa = XCBuildConfiguration;
			buildSettings = {
				ASSETCATALOG_COMPILER_APPICON_NAME = AppIcon;
				CODE_SIGN_IDENTITY = "iPhone Developer";
				INFOPLIST_FILE = Resources/Info.plist;
				LD_RUNPATH_SEARCH_PATHS = (
					"$(inherited)",
					"@executable_path/Frameworks",
				);
				PRODUCT_BUNDLE_IDENTIFIER = com.coparent.connect;
				SDKROOT = iphoneos;
				TARGETED_DEVICE_FAMILY = "1,2";
			};
			name = Release;
		};
/* End XCBuildConfiguration section */

/* Begin XCConfigurationList section */
		6C5B855E0821E5F5DABBA0C6 /* Build configuration list for PBXNativeTarget "CoParentConnect" */ = {
			isa = XCConfigurationList;
			buildConfigurations = (
				B7435DDCA5AC9D6CD9E2943D /* Debug */,
				E2AB54BE3CCD3CCEA4C3FE6A /* Release */,
			);
			defaultConfigurationIsVisible = 0;
			defaultConfigurationName = Debug;
		};
		8F17256B670993152262BBF7 /* Build configuration list for PBXProject "CoParentConnect" */ = {
			isa = XCConfigurationList;
			buildConfigurations = (
				8E56C45741989B1E40B17EB0 /* Debug */,
				638AABF6AFB40F80686AF72E /* Release */,
			);
			defaultConfigurationIsVisible = 0;
			defaultConfigurationName = Debug;
		};
/* End XCConfigurationList section */
	};
	rootObject = D2CA6138171315925F5E9387 /* Project object */;
}
